
Microsoft Visual Studio Solution File, Format Version 12.00
# Visual Studio Version 17
VisualStudioVersion = 17.6.33829.357
MinimumVisualStudioVersion = 10.0.40219.1
Project("{FAE04EC0-301F-11D3-BF4B-00C04F79EFBC}") = "ToDoList", "ToDoList\ToDoList.csproj", "{777F94D3-D199-4784-AF1D-0991F8595CED}"
EndProject
Global
	GlobalSection(SolutionConfigurationPlatforms) = preSolution
		Debug|Any CPU = Debug|Any CPU
		Release|Any CPU = Release|Any CPU
	EndGlobalSection
	GlobalSection(ProjectConfigurationPlatforms) = postSolution
		{777F94D3-D199-4784-AF1D-0991F8595CED}.Debug|Any CPU.ActiveCfg = Debug|Any CPU
		{777F94D3-D199-4784-AF1D-0991F8595CED}.Debug|Any CPU.Build.0 = Debug|Any CPU
		{777F94D3-D199-4784-AF1D-0991F8595CED}.Release|Any CPU.ActiveCfg = Release|Any CPU
		{777F94D3-D199-4784-AF1D-0991F8595CED}.Release|Any CPU.Build.0 = Release|Any CPU
	EndGlobalSection
	GlobalSection(SolutionProperties) = preSolution
		HideSolutionNode = FALSE
	EndGlobalSection
	GlobalSection(ExtensibilityGlobals) = postSolution
		SolutionGuid = {F4463573-8468-4C92-B0C0-2D8FB65A76E6}
	EndGlobalSection
EndGlobal
